// !$*UTF8*$!
{
	archiveVersion = 1;
	classes = {
	};
	objectVersion = 46;
	objects = {

/* Begin PBXBuildFile section */
		74390FC41EC0F17F00F753AF /* main.m in Sources */ = {isa = PBXBuildFile; fileRef = 74390FC31EC0F17F00F753AF /* main.m */; };
		74390FD41EC0F20800F753AF /* Player.m in Sources */ = {isa = PBXBuildFile; fileRef = 74390FCB1EC0F20800F753AF /* Player.m */; };
		74390FD51EC0F20800F753AF /* SnakeLadder.m in Sources */ = {isa = PBXBuildFile; fileRef = 74390FCC1EC0F20800F753AF /* SnakeLadder.m */; };
		74390FD61EC0F20800F753AF /* GetInput.m in Sources */ = {isa = PBXBuildFile; fileRef = 74390FCE1EC0F20800F753AF /* GetInput.m */; };
		74390FD71EC0F20800F753AF /* Dice.m in Sources */ = {isa = PBXBuildFile; fileRef = 74390FD11EC0F20800F753AF /* Dice.m */; };
		74390FDB1EC0F31C00F753AF /* PlayerManager.m in Sources */ = {isa = PBXBuildFile; fileRef = 74390FDA1EC0F31C00F753AF /* PlayerManager.m */; };
/* End PBXBuildFile section */

/* Begin PBXCopyFilesBuildPhase section */
		74390FBE1EC0F17F00F753AF /* CopyFiles */ = {
			isa = PBXCopyFilesBuildPhase;
			buildActionMask = 2147483647;
			dstPath = /usr/share/man/man1/;
			dstSubfolderSpec = 0;
			files = (
			);
			runOnlyForDeploymentPostprocessing = 1;
		};
/* End PBXCopyFilesBuildPhase section */

/* Begin PBXFileReference section */
		74390FC01EC0F17F00F753AF /* Assignement15-snakeLaddersTwo */ = {isa = PBXFileReference; explicitFileType = "compiled.mach-o.executable"; includeInIndex = 0; path = "Assignement15-snakeLaddersTwo"; sourceTree = BUILT_PRODUCTS_DIR; };
		74390FC31EC0F17F00F753AF /* main.m */ = {isa = PBXFileReference; lastKnownFileType = sourcecode.c.objc; path = main.m; sourceTree = "<group>"; };
		74390FCA1EC0F20800F753AF /* Player.h */ = {isa = PBXFileReference; fileEncoding = 4; lastKnownFileType = sourcecode.c.h; name = Player.h; path = "Assignement15-snakeLaddersTwo/Player.h"; sourceTree = "<group>"; };
		74390FCB1EC0F20800F753AF /* Player.m */ = {isa = PBXFileReference; fileEncoding = 4; lastKnownFileType = sourcecode.c.objc; name = Player.m; path = "Assignement15-snakeLaddersTwo/Player.m"; sourceTree = "<group>"; };
		74390FCC1EC0F20800F753AF /* SnakeLadder.m */ = {isa = PBXFileReference; fileEncoding = 4; lastKnownFileType = sourcecode.c.objc; name = SnakeLadder.m; path = "Assignement15-snakeLaddersTwo/SnakeLadder.m"; sourceTree = "<group>"; };
		74390FCD1EC0F20800F753AF /* SnakeLadder.h */ = {isa = PBXFileReference; fileEncoding = 4; lastKnownFileType = sourcecode.c.h; name = SnakeLadder.h; path = "Assignement15-snakeLaddersTwo/SnakeLadder.h"; sourceTree = "<group>"; };
		74390FCE1EC0F20800F753AF /* GetInput.m */ = {isa = PBXFileReference; fileEncoding = 4; lastKnownFileType = sourcecode.c.objc; name = GetInput.m; path = "Assignement15-snakeLaddersTwo/GetInput.m"; sourceTree = "<group>"; };
		74390FCF1EC0F20800F753AF /* GetInput.h */ = {isa = PBXFileReference; fileEncoding = 4; lastKnownFileType = sourcecode.c.h; name = GetInput.h; path = "Assignement15-snakeLaddersTwo/GetInput.h"; sourceTree = "<group>"; };
		74390FD01EC0F20800F753AF /* Dice.h */ = {isa = PBXFileReference; fileEncoding = 4; lastKnownFileType = sourcecode.c.h; name = Dice.h; path = "Assignement15-snakeLaddersTwo/Dice.h"; sourceTree = "<group>"; };
		74390FD11EC0F20800F753AF /* Dice.m */ = {isa = PBXFileReference; fileEncoding = 4; lastKnownFileType = sourcecode.c.objc; name = Dice.m; path = "Assignement15-snakeLaddersTwo/Dice.m"; sourceTree = "<group>"; };
		74390FD91EC0F31C00F753AF /* PlayerManager.h */ = {isa = PBXFileReference; fileEncoding = 4; lastKnownFileType = sourcecode.c.h; path = PlayerManager.h; sourceTree = "<group>"; };
		74390FDA1EC0F31C00F753AF /* PlayerManager.m */ = {isa = PBXFileReference; fileEncoding = 4; lastKnownFileType = sourcecode.c.objc; path = PlayerManager.m; sourceTree = "<group>"; };
/* End PBXFileReference section */

/* Begin PBXFrameworksBuildPhase section */
		74390FBD1EC0F17F00F753AF /* Frameworks */ = {
			isa = PBXFrameworksBuildPhase;
			buildActionMask = 2147483647;
			files = (
			);
			runOnlyForDeploymentPostprocessing = 0;
		};
/* End PBXFrameworksBuildPhase section */

/* Begin PBXGroup section */
		74390FB71EC0F17F00F753AF = {
			isa = PBXGroup;
			children = (
				74390FD91EC0F31C00F753AF /* PlayerManager.h */,
				74390FDA1EC0F31C00F753AF /* PlayerManager.m */,
				74390FCA1EC0F20800F753AF /* Player.h */,
				74390FCB1EC0F20800F753AF /* Player.m */,
				74390FCC1EC0F20800F753AF /* SnakeLadder.m */,
				74390FCD1EC0F20800F753AF /* SnakeLadder.h */,
				74390FCE1EC0F20800F753AF /* GetInput.m */,
				74390FCF1EC0F20800F753AF /* GetInput.h */,
				74390FD01EC0F20800F753AF /* Dice.h */,
				74390FD11EC0F20800F753AF /* Dice.m */,
				74390FC21EC0F17F00F753AF /* Assignement15-snakeLaddersTwo */,
				74390FC11EC0F17F00F753AF /* Products */,
			);
			sourceTree = "<group>";
		};
		74390FC11EC0F17F00F753AF /* Products */ = {
			isa = PBXGroup;
			children = (
				74390FC01EC0F17F00F753AF /* Assignement15-snakeLaddersTwo */,
			);
			name = Products;
			sourceTree = "<group>";
		};
		74390FC21EC0F17F00F753AF /* Assignement15-snakeLaddersTwo */ = {
			isa = PBXGroup;
			children = (
				74390FC31EC0F17F00F753AF /* main.m */,
			);
			path = "Assignement15-snakeLaddersTwo";
			sourceTree = "<group>";
		};
/* End PBXGroup section */

/* Begin PBXNativeTarget section */
		74390FBF1EC0F17F00F753AF /* Assignement15-snakeLaddersTwo */ = {
			isa = PBXNativeTarget;
			buildConfigurationList = 74390FC71EC0F17F00F753AF /* Build configuration list for PBXNativeTarget "Assignement15-snakeLaddersTwo" */;
			buildPhases = (
				74390FBC1EC0F17F00F753AF /* Sources */,
				74390FBD1EC0F17F00F753AF /* Frameworks */,
				74390FBE1EC0F17F00F753AF /* CopyFiles */,
			);
			buildRules = (
			);
			dependencies = (
			);
			name = "Assignement15-snakeLaddersTwo";
			productName = "Assignement15-snakeLaddersTwo";
			productReference = 74390FC01EC0F17F00F753AF /* Assignement15-snakeLaddersTwo */;
			productType = "com.apple.product-type.tool";
		};
/* End PBXNativeTarget section */

/* Begin PBXProject section */
		74390FB81EC0F17F00F753AF /* Project object */ = {
			isa = PBXProject;
			attributes = {
				LastUpgradeCheck = 0830;
				ORGANIZATIONNAME = ayako_sayama;
				TargetAttributes = {
					74390FBF1EC0F17F00F753AF = {
						CreatedOnToolsVersion = 8.3.2;
						ProvisioningStyle = Automatic;
					};
				};
			};
			buildConfigurationList = 74390FBB1EC0F17F00F753AF /* Build configuration list for PBXProject "Assignement15-snakeLaddersTwo" */;
			compatibilityVersion = "Xcode 3.2";
			developmentRegion = English;
			hasScannedForEncodings = 0;
			knownRegions = (
				en,
			);
			mainGroup = 74390FB71EC0F17F00F753AF;
			productRefGroup = 74390FC11EC0F17F00F753AF /* Products */;
			projectDirPath = "";
			projectRoot = "";
			targets = (
				74390FBF1EC0F17F00F753AF /* Assignement15-snakeLaddersTwo */,
			);
		};
/* End PBXProject section */

/* Begin PBXSourcesBuildPhase section */
		74390FBC1EC0F17F00F753AF /* Sources */ = {
			isa = PBXSourcesBuildPhase;
			buildActionMask = 2147483647;
			files = (
				74390FD71EC0F20800F753AF /* Dice.m in Sources */,
				74390FD41EC0F20800F753AF /* Player.m in Sources */,
				74390FD61EC0F20800F753AF /* GetInput.m in Sources */,
				74390FDB1EC0F31C00F753AF /* PlayerManager.m in Sources */,
				74390FD51EC0F20800F753AF /* SnakeLadder.m in Sources */,
				74390FC41EC0F17F00F753AF /* main.m in Sources */,
			);
			runOnlyForDeploymentPostprocessing = 0;
		};
/* End PBXSourcesBuildPhase section */

/* Begin XCBuildConfiguration section */
		74390FC51EC0F17F00F753AF /* Debug */ = {
			isa = XCBuildConfiguration;
			buildSettings = {
				ALWAYS_SEARCH_USER_PATHS = NO;
				CLANG_ANALYZER_NONNULL = YES;
				CLANG_ANALYZER_NUMBER_OBJECT_CONVERSION = YES_AGGRESSIVE;
				CLANG_CXX_LANGUAGE_STANDARD = "gnu++0x";
				CLANG_CXX_LIBRARY = "libc++";
				CLANG_ENABLE_MODULES = YES;
				CLANG_ENABLE_OBJC_ARC = YES;
				CLANG_WARN_BOOL_CONVERSION = YES;
				CLANG_WARN_CONSTANT_CONVERSION = YES;
				CLANG_WARN_DIRECT_OBJC_ISA_USAGE = YES_ERROR;
				CLANG_WARN_DOCUMENTATION_COMMENTS = YES;
				CLANG_WARN_EMPTY_BODY = YES;
				CLANG_WARN_ENUM_CONVERSION = YES;
				CLANG_WARN_INFINITE_RECURSION = YES;
				CLANG_WARN_INT_CONVERSION = YES;
				CLANG_WARN_OBJC_ROOT_CLASS = YES_ERROR;
				CLANG_WARN_SUSPICIOUS_MOVE = YES;
				CLANG_WARN_UNREACHABLE_CODE = YES;
				CLANG_WARN__DUPLICATE_METHOD_MATCH = YES;
				CODE_SIGN_IDENTITY = "-";
				COPY_PHASE_STRIP = NO;
				DEBUG_INFORMATION_FORMAT = dwarf;
				ENABLE_STRICT_OBJC_MSGSEND = YES;
				ENABLE_TESTABILITY = YES;
				GCC_C_LANGUAGE_STANDARD = gnu99;
				GCC_DYNAMIC_NO_PIC = NO;
				GCC_NO_COMMON_BLOCKS = YES;
				GCC_OPTIMIZATION_LEVEL = 0;
				GCC_PREPROCESSOR_DEFINITIONS = (
					"DEBUG=1",
					"$(inherited)",
				);
				GCC_WARN_64_TO_32_BIT_CONVERSION = YES;
				GCC_WARN_ABOUT_RETURN_TYPE = YES_ERROR;
				GCC_WARN_UNDECLARED_SELECTOR = YES;
				GCC_WARN_UNINITIALIZED_AUTOS = YES_AGGRESSIVE;
				GCC_WARN_UNUSED_FUNCTION = YES;
				GCC_WARN_UNUSED_VARIABLE = YES;
				MACOSX_DEPLOYMENT_TARGET = 10.12;
				MTL_ENABLE_DEBUG_INFO = YES;
				ONLY_ACTIVE_ARCH = YES;
				SDKROOT = macosx;
			};
			name = Debug;
		};
		74390FC61EC0F17F00F753AF /* Release */ = {
			isa = XCBuildConfiguration;
			buildSettings = {
				ALWAYS_SEARCH_USER_PATHS = NO;
				CLANG_ANALYZER_NONNULL = YES;
				CLANG_ANALYZER_NUMBER_OBJECT_CONVERSION = YES_AGGRESSIVE;
				CLANG_CXX_LANGUAGE_STANDARD = "gnu++0x";
				CLANG_CXX_LIBRARY = "libc++";
				CLANG_ENABLE_MODULES = YES;
				CLANG_ENABLE_OBJC_ARC = YES;
				CLANG_WARN_BOOL_CONVERSION = YES;
				CLANG_WARN_CONSTANT_CONVERSION = YES;
				CLANG_WARN_DIRECT_OBJC_ISA_USAGE = YES_ERROR;
				CLANG_WARN_DOCUMENTATION_COMMENTS = YES;
				CLANG_WARN_EMPTY_BODY = YES;
				CLANG_WARN_ENUM_CONVERSION = YES;
				CLANG_WARN_INFINITE_RECURSION = YES;
				CLANG_WARN_INT_CONVERSION = YES;
				CLANG_WARN_OBJC_ROOT_CLASS = YES_ERROR;
				CLANG_WARN_SUSPICIOUS_MOVE = YES;
				CLANG_WARN_UNREACHABLE_CODE = YES;
				CLANG_WARN__DUPLICATE_METHOD_MATCH = YES;
				CODE_SIGN_IDENTITY = "-";
				COPY_PHASE_STRIP = NO;
				DEBUG_INFORMATION_FORMAT = "dwarf-with-dsym";
				ENABLE_NS_ASSERTIONS = NO;
				ENABLE_STRICT_OBJC_MSGSEND = YES;
				GCC_C_LANGUAGE_STANDARD = gnu99;
				GCC_NO_COMMON_BLOCKS = YES;
				GCC_WARN_64_TO_32_BIT_CONVERSION = YES;
				GCC_WARN_ABOUT_RETURN_TYPE = YES_ERROR;
				GCC_WARN_UNDECLARED_SELECTOR = YES;
				GCC_WARN_UNINITIALIZED_AUTOS = YES_AGGRESSIVE;
				GCC_WARN_UNUSED_FUNCTION = YES;
				GCC_WARN_UNUSED_VARIABLE = YES;
				MACOSX_DEPLOYMENT_TARGET = 10.12;
				MTL_ENABLE_DEBUG_INFO = NO;
				SDKROOT = macosx;
			};
			name = Release;
		};
		74390FC81EC0F17F00F753AF /* Debug */ = {
			isa = XCBuildConfiguration;
			buildSettings = {
				PRODUCT_NAME = "$(TARGET_NAME)";
			};
			name = Debug;
		};
		74390FC91EC0F17F00F753AF /* Release */ = {
			isa = XCBuildConfiguration;
			buildSettings = {
				PRODUCT_NAME = "$(TARGET_NAME)";
			};
			name = Release;
		};
/* End XCBuildConfiguration section */

/* Begin XCConfigurationList section */
		74390FBB1EC0F17F00F753AF /* Build configuration list for PBXProject "Assignement15-snakeLaddersTwo" */ = {
			isa = XCConfigurationList;
			buildConfigurations = (
				74390FC51EC0F17F00F753AF /* Debug */,
				74390FC61EC0F17F00F753AF /* Release */,
			);
			defaultConfigurationIsVisible = 0;
			defaultConfigurationName = Release;
		};
		74390FC71EC0F17F00F753AF /* Build configuration list for PBXNativeTarget "Assignement15-snakeLaddersTwo" */ = {
			isa = XCConfigurationList;
			buildConfigurations = (
				74390FC81EC0F17F00F753AF /* Debug */,
				74390FC91EC0F17F00F753AF /* Release */,
			);
			defaultConfigurationIsVisible = 0;
		};
/* End XCConfigurationList section */
	};
	rootObject = 74390FB81EC0F17F00F753AF /* Project object */;
}
