// !$*UTF8*$!
{
	archiveVersion = 1;
	classes = {
	};
	objectVersion = 46;
	objects = {

/* Begin PBXBuildFile section */
		74733CB81EA7FC8B00AA189D /* main.m in Sources */ = {isa = PBXBuildFile; fileRef = 74733CB71EA7FC8B00AA189D /* main.m */; };
		74733CC31EA80B3500AA189D /* Person.m in Sources */ = {isa = PBXBuildFile; fileRef = 74733CC21EA80B3500AA189D /* Person.m */; };
		74733CC61EA80C8B00AA189D /* Box.m in Sources */ = {isa = PBXBuildFile; fileRef = 74733CC51EA80C8B00AA189D /* Box.m */; };
/* End PBXBuildFile section */

/* Begin PBXCopyFilesBuildPhase section */
		74733CB21EA7FC8A00AA189D /* CopyFiles */ = {
			isa = PBXCopyFilesBuildPhase;
			buildActionMask = 2147483647;
			dstPath = /usr/share/man/man1/;
			dstSubfolderSpec = 0;
			files = (
			);
			runOnlyForDeploymentPostprocessing = 1;
		};
/* End PBXCopyFilesBuildPhase section */

/* Begin PBXFileReference section */
		74733CB41EA7FC8A00AA189D /* Making Class */ = {isa = PBXFileReference; explicitFileType = "compiled.mach-o.executable"; includeInIndex = 0; path = "Making Class"; sourceTree = BUILT_PRODUCTS_DIR; };
		74733CB71EA7FC8B00AA189D /* main.m */ = {isa = PBXFileReference; lastKnownFileType = sourcecode.c.objc; path = main.m; sourceTree = "<group>"; };
		74733CC11EA80B3500AA189D /* Person.h */ = {isa = PBXFileReference; fileEncoding = 4; lastKnownFileType = sourcecode.c.h; path = Person.h; sourceTree = "<group>"; };
		74733CC21EA80B3500AA189D /* Person.m */ = {isa = PBXFileReference; fileEncoding = 4; lastKnownFileType = sourcecode.c.objc; path = Person.m; sourceTree = "<group>"; };
		74733CC41EA80C8B00AA189D /* Box.h */ = {isa = PBXFileReference; fileEncoding = 4; lastKnownFileType = sourcecode.c.h; path = Box.h; sourceTree = "<group>"; };
		74733CC51EA80C8B00AA189D /* Box.m */ = {isa = PBXFileReference; fileEncoding = 4; lastKnownFileType = sourcecode.c.objc; path = Box.m; sourceTree = "<group>"; };
/* End PBXFileReference section */

/* Begin PBXFrameworksBuildPhase section */
		74733CB11EA7FC8A00AA189D /* Frameworks */ = {
			isa = PBXFrameworksBuildPhase;
			buildActionMask = 2147483647;
			files = (
			);
			runOnlyForDeploymentPostprocessing = 0;
		};
/* End PBXFrameworksBuildPhase section */

/* Begin PBXGroup section */
		74733CAB1EA7FC8A00AA189D = {
			isa = PBXGroup;
			children = (
				74733CB61EA7FC8A00AA189D /* Making Class */,
				74733CB51EA7FC8A00AA189D /* Products */,
			);
			sourceTree = "<group>";
		};
		74733CB51EA7FC8A00AA189D /* Products */ = {
			isa = PBXGroup;
			children = (
				74733CB41EA7FC8A00AA189D /* Making Class */,
			);
			name = Products;
			sourceTree = "<group>";
		};
		74733CB61EA7FC8A00AA189D /* Making Class */ = {
			isa = PBXGroup;
			children = (
				74733CB71EA7FC8B00AA189D /* main.m */,
				74733CC41EA80C8B00AA189D /* Box.h */,
				74733CC51EA80C8B00AA189D /* Box.m */,
				74733CC11EA80B3500AA189D /* Person.h */,
				74733CC21EA80B3500AA189D /* Person.m */,
			);
			path = "Making Class";
			sourceTree = "<group>";
		};
/* End PBXGroup section */

/* Begin PBXNativeTarget section */
		74733CB31EA7FC8A00AA189D /* Making Class */ = {
			isa = PBXNativeTarget;
			buildConfigurationList = 74733CBB1EA7FC8B00AA189D /* Build configuration list for PBXNativeTarget "Making Class" */;
			buildPhases = (
				74733CB01EA7FC8A00AA189D /* Sources */,
				74733CB11EA7FC8A00AA189D /* Frameworks */,
				74733CB21EA7FC8A00AA189D /* CopyFiles */,
			);
			buildRules = (
			);
			dependencies = (
			);
			name = "Making Class";
			productName = "Making Class";
			productReference = 74733CB41EA7FC8A00AA189D /* Making Class */;
			productType = "com.apple.product-type.tool";
		};
/* End PBXNativeTarget section */

/* Begin PBXProject section */
		74733CAC1EA7FC8A00AA189D /* Project object */ = {
			isa = PBXProject;
			attributes = {
				LastUpgradeCheck = 0830;
				ORGANIZATIONNAME = ayako_sayama;
				TargetAttributes = {
					74733CB31EA7FC8A00AA189D = {
						CreatedOnToolsVersion = 8.3.1;
						ProvisioningStyle = Automatic;
					};
				};
			};
			buildConfigurationList = 74733CAF1EA7FC8A00AA189D /* Build configuration list for PBXProject "Making Class" */;
			compatibilityVersion = "Xcode 3.2";
			developmentRegion = English;
			hasScannedForEncodings = 0;
			knownRegions = (
				en,
			);
			mainGroup = 74733CAB1EA7FC8A00AA189D;
			productRefGroup = 74733CB51EA7FC8A00AA189D /* Products */;
			projectDirPath = "";
			projectRoot = "";
			targets = (
				74733CB31EA7FC8A00AA189D /* Making Class */,
			);
		};
/* End PBXProject section */

/* Begin PBXSourcesBuildPhase section */
		74733CB01EA7FC8A00AA189D /* Sources */ = {
			isa = PBXSourcesBuildPhase;
			buildActionMask = 2147483647;
			files = (
				74733CC61EA80C8B00AA189D /* Box.m in Sources */,
				74733CC31EA80B3500AA189D /* Person.m in Sources */,
				74733CB81EA7FC8B00AA189D /* main.m in Sources */,
			);
			runOnlyForDeploymentPostprocessing = 0;
		};
/* End PBXSourcesBuildPhase section */

/* Begin XCBuildConfiguration section */
		74733CB91EA7FC8B00AA189D /* Debug */ = {
			isa = XCBuildConfiguration;
			buildSettings = {
				ALWAYS_SEARCH_USER_PATHS = NO;
				CLANG_ANALYZER_NONNULL = YES;
				CLANG_ANALYZER_NUMBER_OBJECT_CONVERSION = YES_AGGRESSIVE;
				CLANG_CXX_LANGUAGE_STANDARD = "gnu++0x";
				CLANG_CXX_LIBRARY = "libc++";
				CLANG_ENABLE_MODULES = YES;
				CLANG_ENABLE_OBJC_ARC = YES;
				CLANG_WARN_BOOL_CONVERSION = YES;
				CLANG_WARN_CONSTANT_CONVERSION = YES;
				CLANG_WARN_DIRECT_OBJC_ISA_USAGE = YES_ERROR;
				CLANG_WARN_DOCUMENTATION_COMMENTS = YES;
				CLANG_WARN_EMPTY_BODY = YES;
				CLANG_WARN_ENUM_CONVERSION = YES;
				CLANG_WARN_INFINITE_RECURSION = YES;
				CLANG_WARN_INT_CONVERSION = YES;
				CLANG_WARN_OBJC_ROOT_CLASS = YES_ERROR;
				CLANG_WARN_SUSPICIOUS_MOVE = YES;
				CLANG_WARN_UNREACHABLE_CODE = YES;
				CLANG_WARN__DUPLICATE_METHOD_MATCH = YES;
				CODE_SIGN_IDENTITY = "-";
				COPY_PHASE_STRIP = NO;
				DEBUG_INFORMATION_FORMAT = dwarf;
				ENABLE_STRICT_OBJC_MSGSEND = YES;
				ENABLE_TESTABILITY = YES;
				GCC_C_LANGUAGE_STANDARD = gnu99;
				GCC_DYNAMIC_NO_PIC = NO;
				GCC_NO_COMMON_BLOCKS = YES;
				GCC_OPTIMIZATION_LEVEL = 0;
				GCC_PREPROCESSOR_DEFINITIONS = (
					"DEBUG=1",
					"$(inherited)",
				);
				GCC_WARN_64_TO_32_BIT_CONVERSION = YES;
				GCC_WARN_ABOUT_RETURN_TYPE = YES_ERROR;
				GCC_WARN_UNDECLARED_SELECTOR = YES;
				GCC_WARN_UNINITIALIZED_AUTOS = YES_AGGRESSIVE;
				GCC_WARN_UNUSED_FUNCTION = YES;
				GCC_WARN_UNUSED_VARIABLE = YES;
				MACOSX_DEPLOYMENT_TARGET = 10.12;
				MTL_ENABLE_DEBUG_INFO = YES;
				ONLY_ACTIVE_ARCH = YES;
				SDKROOT = macosx;
			};
			name = Debug;
		};
		74733CBA1EA7FC8B00AA189D /* Release */ = {
			isa = XCBuildConfiguration;
			buildSettings = {
				ALWAYS_SEARCH_USER_PATHS = NO;
				CLANG_ANALYZER_NONNULL = YES;
				CLANG_ANALYZER_NUMBER_OBJECT_CONVERSION = YES_AGGRESSIVE;
				CLANG_CXX_LANGUAGE_STANDARD = "gnu++0x";
				CLANG_CXX_LIBRARY = "libc++";
				CLANG_ENABLE_MODULES = YES;
				CLANG_ENABLE_OBJC_ARC = YES;
				CLANG_WARN_BOOL_CONVERSION = YES;
				CLANG_WARN_CONSTANT_CONVERSION = YES;
				CLANG_WARN_DIRECT_OBJC_ISA_USAGE = YES_ERROR;
				CLANG_WARN_DOCUMENTATION_COMMENTS = YES;
				CLANG_WARN_EMPTY_BODY = YES;
				CLANG_WARN_ENUM_CONVERSION = YES;
				CLANG_WARN_INFINITE_RECURSION = YES;
				CLANG_WARN_INT_CONVERSION = YES;
				CLANG_WARN_OBJC_ROOT_CLASS = YES_ERROR;
				CLANG_WARN_SUSPICIOUS_MOVE = YES;
				CLANG_WARN_UNREACHABLE_CODE = YES;
				CLANG_WARN__DUPLICATE_METHOD_MATCH = YES;
				CODE_SIGN_IDENTITY = "-";
				COPY_PHASE_STRIP = NO;
				DEBUG_INFORMATION_FORMAT = "dwarf-with-dsym";
				ENABLE_NS_ASSERTIONS = NO;
				ENABLE_STRICT_OBJC_MSGSEND = YES;
				GCC_C_LANGUAGE_STANDARD = gnu99;
				GCC_NO_COMMON_BLOCKS = YES;
				GCC_WARN_64_TO_32_BIT_CONVERSION = YES;
				GCC_WARN_ABOUT_RETURN_TYPE = YES_ERROR;
				GCC_WARN_UNDECLARED_SELECTOR = YES;
				GCC_WARN_UNINITIALIZED_AUTOS = YES_AGGRESSIVE;
				GCC_WARN_UNUSED_FUNCTION = YES;
				GCC_WARN_UNUSED_VARIABLE = YES;
				MACOSX_DEPLOYMENT_TARGET = 10.12;
				MTL_ENABLE_DEBUG_INFO = NO;
				SDKROOT = macosx;
			};
			name = Release;
		};
		74733CBC1EA7FC8B00AA189D /* Debug */ = {
			isa = XCBuildConfiguration;
			buildSettings = {
				PRODUCT_NAME = "$(TARGET_NAME)";
			};
			name = Debug;
		};
		74733CBD1EA7FC8B00AA189D /* Release */ = {
			isa = XCBuildConfiguration;
			buildSettings = {
				PRODUCT_NAME = "$(TARGET_NAME)";
			};
			name = Release;
		};
/* End XCBuildConfiguration section */

/* Begin XCConfigurationList section */
		74733CAF1EA7FC8A00AA189D /* Build configuration list for PBXProject "Making Class" */ = {
			isa = XCConfigurationList;
			buildConfigurations = (
				74733CB91EA7FC8B00AA189D /* Debug */,
				74733CBA1EA7FC8B00AA189D /* Release */,
			);
			defaultConfigurationIsVisible = 0;
			defaultConfigurationName = Release;
		};
		74733CBB1EA7FC8B00AA189D /* Build configuration list for PBXNativeTarget "Making Class" */ = {
			isa = XCConfigurationList;
			buildConfigurations = (
				74733CBC1EA7FC8B00AA189D /* Debug */,
				74733CBD1EA7FC8B00AA189D /* Release */,
			);
			defaultConfigurationIsVisible = 0;
		};
/* End XCConfigurationList section */
	};
	rootObject = 74733CAC1EA7FC8A00AA189D /* Project object */;
}
