// !$*UTF8*$!
{
	archiveVersion = 1;
	classes = {
	};
	objectVersion = 46;
	objects = {

/* Begin PBXBuildFile section */
		741E809E1EBBDDE200D10F2B /* main.m in Sources */ = {isa = PBXBuildFile; fileRef = 741E809D1EBBDDE200D10F2B /* main.m */; };
		741E80A91EBBDF1300D10F2B /* GetandConvertString.m in Sources */ = {isa = PBXBuildFile; fileRef = 741E80A81EBBDF1300D10F2B /* GetandConvertString.m */; };
/* End PBXBuildFile section */

/* Begin PBXCopyFilesBuildPhase section */
		741E80981EBBDDE200D10F2B /* CopyFiles */ = {
			isa = PBXCopyFilesBuildPhase;
			buildActionMask = 2147483647;
			dstPath = /usr/share/man/man1/;
			dstSubfolderSpec = 0;
			files = (
			);
			runOnlyForDeploymentPostprocessing = 1;
		};
/* End PBXCopyFilesBuildPhase section */

/* Begin PBXFileReference section */
		741E809A1EBBDDE200D10F2B /* Assignment13-piglatin */ = {isa = PBXFileReference; explicitFileType = "compiled.mach-o.executable"; includeInIndex = 0; path = "Assignment13-piglatin"; sourceTree = BUILT_PRODUCTS_DIR; };
		741E809D1EBBDDE200D10F2B /* main.m */ = {isa = PBXFileReference; lastKnownFileType = sourcecode.c.objc; path = main.m; sourceTree = "<group>"; };
		741E80A71EBBDF1300D10F2B /* GetandConvertString.h */ = {isa = PBXFileReference; fileEncoding = 4; lastKnownFileType = sourcecode.c.h; path = GetandConvertString.h; sourceTree = "<group>"; };
		741E80A81EBBDF1300D10F2B /* GetandConvertString.m */ = {isa = PBXFileReference; fileEncoding = 4; lastKnownFileType = sourcecode.c.objc; path = GetandConvertString.m; sourceTree = "<group>"; };
/* End PBXFileReference section */

/* Begin PBXFrameworksBuildPhase section */
		741E80971EBBDDE200D10F2B /* Frameworks */ = {
			isa = PBXFrameworksBuildPhase;
			buildActionMask = 2147483647;
			files = (
			);
			runOnlyForDeploymentPostprocessing = 0;
		};
/* End PBXFrameworksBuildPhase section */

/* Begin PBXGroup section */
		741E80911EBBDDE200D10F2B = {
			isa = PBXGroup;
			children = (
				741E809C1EBBDDE200D10F2B /* Assignment13-piglatin */,
				741E809B1EBBDDE200D10F2B /* Products */,
			);
			sourceTree = "<group>";
		};
		741E809B1EBBDDE200D10F2B /* Products */ = {
			isa = PBXGroup;
			children = (
				741E809A1EBBDDE200D10F2B /* Assignment13-piglatin */,
			);
			name = Products;
			sourceTree = "<group>";
		};
		741E809C1EBBDDE200D10F2B /* Assignment13-piglatin */ = {
			isa = PBXGroup;
			children = (
				741E809D1EBBDDE200D10F2B /* main.m */,
				741E80A71EBBDF1300D10F2B /* GetandConvertString.h */,
				741E80A81EBBDF1300D10F2B /* GetandConvertString.m */,
			);
			path = "Assignment13-piglatin";
			sourceTree = "<group>";
		};
/* End PBXGroup section */

/* Begin PBXNativeTarget section */
		741E80991EBBDDE200D10F2B /* Assignment13-piglatin */ = {
			isa = PBXNativeTarget;
			buildConfigurationList = 741E80A11EBBDDE200D10F2B /* Build configuration list for PBXNativeTarget "Assignment13-piglatin" */;
			buildPhases = (
				741E80961EBBDDE200D10F2B /* Sources */,
				741E80971EBBDDE200D10F2B /* Frameworks */,
				741E80981EBBDDE200D10F2B /* CopyFiles */,
			);
			buildRules = (
			);
			dependencies = (
			);
			name = "Assignment13-piglatin";
			productName = "Assignment13-piglatin";
			productReference = 741E809A1EBBDDE200D10F2B /* Assignment13-piglatin */;
			productType = "com.apple.product-type.tool";
		};
/* End PBXNativeTarget section */

/* Begin PBXProject section */
		741E80921EBBDDE200D10F2B /* Project object */ = {
			isa = PBXProject;
			attributes = {
				LastUpgradeCheck = 0830;
				ORGANIZATIONNAME = ayako_sayama;
				TargetAttributes = {
					741E80991EBBDDE200D10F2B = {
						CreatedOnToolsVersion = 8.3.2;
						ProvisioningStyle = Automatic;
					};
				};
			};
			buildConfigurationList = 741E80951EBBDDE200D10F2B /* Build configuration list for PBXProject "Assignment13-piglatin" */;
			compatibilityVersion = "Xcode 3.2";
			developmentRegion = English;
			hasScannedForEncodings = 0;
			knownRegions = (
				en,
			);
			mainGroup = 741E80911EBBDDE200D10F2B;
			productRefGroup = 741E809B1EBBDDE200D10F2B /* Products */;
			projectDirPath = "";
			projectRoot = "";
			targets = (
				741E80991EBBDDE200D10F2B /* Assignment13-piglatin */,
			);
		};
/* End PBXProject section */

/* Begin PBXSourcesBuildPhase section */
		741E80961EBBDDE200D10F2B /* Sources */ = {
			isa = PBXSourcesBuildPhase;
			buildActionMask = 2147483647;
			files = (
				741E809E1EBBDDE200D10F2B /* main.m in Sources */,
				741E80A91EBBDF1300D10F2B /* GetandConvertString.m in Sources */,
			);
			runOnlyForDeploymentPostprocessing = 0;
		};
/* End PBXSourcesBuildPhase section */

/* Begin XCBuildConfiguration section */
		741E809F1EBBDDE200D10F2B /* Debug */ = {
			isa = XCBuildConfiguration;
			buildSettings = {
				ALWAYS_SEARCH_USER_PATHS = NO;
				CLANG_ANALYZER_NONNULL = YES;
				CLANG_ANALYZER_NUMBER_OBJECT_CONVERSION = YES_AGGRESSIVE;
				CLANG_CXX_LANGUAGE_STANDARD = "gnu++0x";
				CLANG_CXX_LIBRARY = "libc++";
				CLANG_ENABLE_MODULES = YES;
				CLANG_ENABLE_OBJC_ARC = YES;
				CLANG_WARN_BOOL_CONVERSION = YES;
				CLANG_WARN_CONSTANT_CONVERSION = YES;
				CLANG_WARN_DIRECT_OBJC_ISA_USAGE = YES_ERROR;
				CLANG_WARN_DOCUMENTATION_COMMENTS = YES;
				CLANG_WARN_EMPTY_BODY = YES;
				CLANG_WARN_ENUM_CONVERSION = YES;
				CLANG_WARN_INFINITE_RECURSION = YES;
				CLANG_WARN_INT_CONVERSION = YES;
				CLANG_WARN_OBJC_ROOT_CLASS = YES_ERROR;
				CLANG_WARN_SUSPICIOUS_MOVE = YES;
				CLANG_WARN_UNREACHABLE_CODE = YES;
				CLANG_WARN__DUPLICATE_METHOD_MATCH = YES;
				CODE_SIGN_IDENTITY = "-";
				COPY_PHASE_STRIP = NO;
				DEBUG_INFORMATION_FORMAT = dwarf;
				ENABLE_STRICT_OBJC_MSGSEND = YES;
				ENABLE_TESTABILITY = YES;
				GCC_C_LANGUAGE_STANDARD = gnu99;
				GCC_DYNAMIC_NO_PIC = NO;
				GCC_NO_COMMON_BLOCKS = YES;
				GCC_OPTIMIZATION_LEVEL = 0;
				GCC_PREPROCESSOR_DEFINITIONS = (
					"DEBUG=1",
					"$(inherited)",
				);
				GCC_WARN_64_TO_32_BIT_CONVERSION = YES;
				GCC_WARN_ABOUT_RETURN_TYPE = YES_ERROR;
				GCC_WARN_UNDECLARED_SELECTOR = YES;
				GCC_WARN_UNINITIALIZED_AUTOS = YES_AGGRESSIVE;
				GCC_WARN_UNUSED_FUNCTION = YES;
				GCC_WARN_UNUSED_VARIABLE = YES;
				MACOSX_DEPLOYMENT_TARGET = 10.12;
				MTL_ENABLE_DEBUG_INFO = YES;
				ONLY_ACTIVE_ARCH = YES;
				SDKROOT = macosx;
			};
			name = Debug;
		};
		741E80A01EBBDDE200D10F2B /* Release */ = {
			isa = XCBuildConfiguration;
			buildSettings = {
				ALWAYS_SEARCH_USER_PATHS = NO;
				CLANG_ANALYZER_NONNULL = YES;
				CLANG_ANALYZER_NUMBER_OBJECT_CONVERSION = YES_AGGRESSIVE;
				CLANG_CXX_LANGUAGE_STANDARD = "gnu++0x";
				CLANG_CXX_LIBRARY = "libc++";
				CLANG_ENABLE_MODULES = YES;
				CLANG_ENABLE_OBJC_ARC = YES;
				CLANG_WARN_BOOL_CONVERSION = YES;
				CLANG_WARN_CONSTANT_CONVERSION = YES;
				CLANG_WARN_DIRECT_OBJC_ISA_USAGE = YES_ERROR;
				CLANG_WARN_DOCUMENTATION_COMMENTS = YES;
				CLANG_WARN_EMPTY_BODY = YES;
				CLANG_WARN_ENUM_CONVERSION = YES;
				CLANG_WARN_INFINITE_RECURSION = YES;
				CLANG_WARN_INT_CONVERSION = YES;
				CLANG_WARN_OBJC_ROOT_CLASS = YES_ERROR;
				CLANG_WARN_SUSPICIOUS_MOVE = YES;
				CLANG_WARN_UNREACHABLE_CODE = YES;
				CLANG_WARN__DUPLICATE_METHOD_MATCH = YES;
				CODE_SIGN_IDENTITY = "-";
				COPY_PHASE_STRIP = NO;
				DEBUG_INFORMATION_FORMAT = "dwarf-with-dsym";
				ENABLE_NS_ASSERTIONS = NO;
				ENABLE_STRICT_OBJC_MSGSEND = YES;
				GCC_C_LANGUAGE_STANDARD = gnu99;
				GCC_NO_COMMON_BLOCKS = YES;
				GCC_WARN_64_TO_32_BIT_CONVERSION = YES;
				GCC_WARN_ABOUT_RETURN_TYPE = YES_ERROR;
				GCC_WARN_UNDECLARED_SELECTOR = YES;
				GCC_WARN_UNINITIALIZED_AUTOS = YES_AGGRESSIVE;
				GCC_WARN_UNUSED_FUNCTION = YES;
				GCC_WARN_UNUSED_VARIABLE = YES;
				MACOSX_DEPLOYMENT_TARGET = 10.12;
				MTL_ENABLE_DEBUG_INFO = NO;
				SDKROOT = macosx;
			};
			name = Release;
		};
		741E80A21EBBDDE200D10F2B /* Debug */ = {
			isa = XCBuildConfiguration;
			buildSettings = {
				PRODUCT_NAME = "$(TARGET_NAME)";
			};
			name = Debug;
		};
		741E80A31EBBDDE200D10F2B /* Release */ = {
			isa = XCBuildConfiguration;
			buildSettings = {
				PRODUCT_NAME = "$(TARGET_NAME)";
			};
			name = Release;
		};
/* End XCBuildConfiguration section */

/* Begin XCConfigurationList section */
		741E80951EBBDDE200D10F2B /* Build configuration list for PBXProject "Assignment13-piglatin" */ = {
			isa = XCConfigurationList;
			buildConfigurations = (
				741E809F1EBBDDE200D10F2B /* Debug */,
				741E80A01EBBDDE200D10F2B /* Release */,
			);
			defaultConfigurationIsVisible = 0;
			defaultConfigurationName = Release;
		};
		741E80A11EBBDDE200D10F2B /* Build configuration list for PBXNativeTarget "Assignment13-piglatin" */ = {
			isa = XCConfigurationList;
			buildConfigurations = (
				741E80A21EBBDDE200D10F2B /* Debug */,
				741E80A31EBBDDE200D10F2B /* Release */,
			);
			defaultConfigurationIsVisible = 0;
		};
/* End XCConfigurationList section */
	};
	rootObject = 741E80921EBBDDE200D10F2B /* Project object */;
}
