// !$*UTF8*$!
{
	archiveVersion = 1;
	classes = {
	};
	objectVersion = 46;
	objects = {

/* Begin PBXBuildFile section */
		745161841EB8294A00B9116A /* main.m in Sources */ = {isa = PBXBuildFile; fileRef = 745161831EB8294A00B9116A /* main.m */; };
		7451618D1EB82F1100B9116A /* FoodTruck.m in Sources */ = {isa = PBXBuildFile; fileRef = 7451618C1EB82F1100B9116A /* FoodTruck.m */; };
		745161931EB8310D00B9116A /* Cook.m in Sources */ = {isa = PBXBuildFile; fileRef = 745161921EB8310D00B9116A /* Cook.m */; };
		745161961EB9307800B9116A /* Chef.m in Sources */ = {isa = PBXBuildFile; fileRef = 745161951EB9307800B9116A /* Chef.m */; };
/* End PBXBuildFile section */

/* Begin PBXCopyFilesBuildPhase section */
		7451617E1EB8294A00B9116A /* CopyFiles */ = {
			isa = PBXCopyFilesBuildPhase;
			buildActionMask = 2147483647;
			dstPath = /usr/share/man/man1/;
			dstSubfolderSpec = 0;
			files = (
			);
			runOnlyForDeploymentPostprocessing = 1;
		};
/* End PBXCopyFilesBuildPhase section */

/* Begin PBXFileReference section */
		745161801EB8294A00B9116A /* Assignment9-foodtruck */ = {isa = PBXFileReference; explicitFileType = "compiled.mach-o.executable"; includeInIndex = 0; path = "Assignment9-foodtruck"; sourceTree = BUILT_PRODUCTS_DIR; };
		745161831EB8294A00B9116A /* main.m */ = {isa = PBXFileReference; lastKnownFileType = sourcecode.c.objc; path = main.m; sourceTree = "<group>"; };
		7451618B1EB82F1100B9116A /* FoodTruck.h */ = {isa = PBXFileReference; fileEncoding = 4; lastKnownFileType = sourcecode.c.h; path = FoodTruck.h; sourceTree = "<group>"; };
		7451618C1EB82F1100B9116A /* FoodTruck.m */ = {isa = PBXFileReference; fileEncoding = 4; lastKnownFileType = sourcecode.c.objc; path = FoodTruck.m; sourceTree = "<group>"; };
		745161911EB8310D00B9116A /* Cook.h */ = {isa = PBXFileReference; fileEncoding = 4; lastKnownFileType = sourcecode.c.h; path = Cook.h; sourceTree = "<group>"; };
		745161921EB8310D00B9116A /* Cook.m */ = {isa = PBXFileReference; fileEncoding = 4; lastKnownFileType = sourcecode.c.objc; path = Cook.m; sourceTree = "<group>"; };
		745161941EB9307800B9116A /* Chef.h */ = {isa = PBXFileReference; fileEncoding = 4; lastKnownFileType = sourcecode.c.h; path = Chef.h; sourceTree = "<group>"; };
		745161951EB9307800B9116A /* Chef.m */ = {isa = PBXFileReference; fileEncoding = 4; lastKnownFileType = sourcecode.c.objc; path = Chef.m; sourceTree = "<group>"; };
/* End PBXFileReference section */

/* Begin PBXFrameworksBuildPhase section */
		7451617D1EB8294A00B9116A /* Frameworks */ = {
			isa = PBXFrameworksBuildPhase;
			buildActionMask = 2147483647;
			files = (
			);
			runOnlyForDeploymentPostprocessing = 0;
		};
/* End PBXFrameworksBuildPhase section */

/* Begin PBXGroup section */
		745161771EB8294A00B9116A = {
			isa = PBXGroup;
			children = (
				745161821EB8294A00B9116A /* Assignment9-foodtruck */,
				745161811EB8294A00B9116A /* Products */,
			);
			sourceTree = "<group>";
		};
		745161811EB8294A00B9116A /* Products */ = {
			isa = PBXGroup;
			children = (
				745161801EB8294A00B9116A /* Assignment9-foodtruck */,
			);
			name = Products;
			sourceTree = "<group>";
		};
		745161821EB8294A00B9116A /* Assignment9-foodtruck */ = {
			isa = PBXGroup;
			children = (
				745161831EB8294A00B9116A /* main.m */,
				7451618B1EB82F1100B9116A /* FoodTruck.h */,
				7451618C1EB82F1100B9116A /* FoodTruck.m */,
				745161911EB8310D00B9116A /* Cook.h */,
				745161921EB8310D00B9116A /* Cook.m */,
				745161941EB9307800B9116A /* Chef.h */,
				745161951EB9307800B9116A /* Chef.m */,
			);
			path = "Assignment9-foodtruck";
			sourceTree = "<group>";
		};
/* End PBXGroup section */

/* Begin PBXNativeTarget section */
		7451617F1EB8294A00B9116A /* Assignment9-foodtruck */ = {
			isa = PBXNativeTarget;
			buildConfigurationList = 745161871EB8294A00B9116A /* Build configuration list for PBXNativeTarget "Assignment9-foodtruck" */;
			buildPhases = (
				7451617C1EB8294A00B9116A /* Sources */,
				7451617D1EB8294A00B9116A /* Frameworks */,
				7451617E1EB8294A00B9116A /* CopyFiles */,
			);
			buildRules = (
			);
			dependencies = (
			);
			name = "Assignment9-foodtruck";
			productName = "Assignment9-foodtruck";
			productReference = 745161801EB8294A00B9116A /* Assignment9-foodtruck */;
			productType = "com.apple.product-type.tool";
		};
/* End PBXNativeTarget section */

/* Begin PBXProject section */
		745161781EB8294A00B9116A /* Project object */ = {
			isa = PBXProject;
			attributes = {
				LastUpgradeCheck = 0830;
				ORGANIZATIONNAME = ayako_sayama;
				TargetAttributes = {
					7451617F1EB8294A00B9116A = {
						CreatedOnToolsVersion = 8.3.2;
						ProvisioningStyle = Automatic;
					};
				};
			};
			buildConfigurationList = 7451617B1EB8294A00B9116A /* Build configuration list for PBXProject "Assignment9-foodtruck" */;
			compatibilityVersion = "Xcode 3.2";
			developmentRegion = English;
			hasScannedForEncodings = 0;
			knownRegions = (
				en,
			);
			mainGroup = 745161771EB8294A00B9116A;
			productRefGroup = 745161811EB8294A00B9116A /* Products */;
			projectDirPath = "";
			projectRoot = "";
			targets = (
				7451617F1EB8294A00B9116A /* Assignment9-foodtruck */,
			);
		};
/* End PBXProject section */

/* Begin PBXSourcesBuildPhase section */
		7451617C1EB8294A00B9116A /* Sources */ = {
			isa = PBXSourcesBuildPhase;
			buildActionMask = 2147483647;
			files = (
				745161841EB8294A00B9116A /* main.m in Sources */,
				7451618D1EB82F1100B9116A /* FoodTruck.m in Sources */,
				745161931EB8310D00B9116A /* Cook.m in Sources */,
				745161961EB9307800B9116A /* Chef.m in Sources */,
			);
			runOnlyForDeploymentPostprocessing = 0;
		};
/* End PBXSourcesBuildPhase section */

/* Begin XCBuildConfiguration section */
		745161851EB8294A00B9116A /* Debug */ = {
			isa = XCBuildConfiguration;
			buildSettings = {
				ALWAYS_SEARCH_USER_PATHS = NO;
				CLANG_ANALYZER_NONNULL = YES;
				CLANG_ANALYZER_NUMBER_OBJECT_CONVERSION = YES_AGGRESSIVE;
				CLANG_CXX_LANGUAGE_STANDARD = "gnu++0x";
				CLANG_CXX_LIBRARY = "libc++";
				CLANG_ENABLE_MODULES = YES;
				CLANG_ENABLE_OBJC_ARC = YES;
				CLANG_WARN_BOOL_CONVERSION = YES;
				CLANG_WARN_CONSTANT_CONVERSION = YES;
				CLANG_WARN_DIRECT_OBJC_ISA_USAGE = YES_ERROR;
				CLANG_WARN_DOCUMENTATION_COMMENTS = YES;
				CLANG_WARN_EMPTY_BODY = YES;
				CLANG_WARN_ENUM_CONVERSION = YES;
				CLANG_WARN_INFINITE_RECURSION = YES;
				CLANG_WARN_INT_CONVERSION = YES;
				CLANG_WARN_OBJC_ROOT_CLASS = YES_ERROR;
				CLANG_WARN_SUSPICIOUS_MOVE = YES;
				CLANG_WARN_UNREACHABLE_CODE = YES;
				CLANG_WARN__DUPLICATE_METHOD_MATCH = YES;
				CODE_SIGN_IDENTITY = "-";
				COPY_PHASE_STRIP = NO;
				DEBUG_INFORMATION_FORMAT = dwarf;
				ENABLE_STRICT_OBJC_MSGSEND = YES;
				ENABLE_TESTABILITY = YES;
				GCC_C_LANGUAGE_STANDARD = gnu99;
				GCC_DYNAMIC_NO_PIC = NO;
				GCC_NO_COMMON_BLOCKS = YES;
				GCC_OPTIMIZATION_LEVEL = 0;
				GCC_PREPROCESSOR_DEFINITIONS = (
					"DEBUG=1",
					"$(inherited)",
				);
				GCC_WARN_64_TO_32_BIT_CONVERSION = YES;
				GCC_WARN_ABOUT_RETURN_TYPE = YES_ERROR;
				GCC_WARN_UNDECLARED_SELECTOR = YES;
				GCC_WARN_UNINITIALIZED_AUTOS = YES_AGGRESSIVE;
				GCC_WARN_UNUSED_FUNCTION = YES;
				GCC_WARN_UNUSED_VARIABLE = YES;
				MACOSX_DEPLOYMENT_TARGET = 10.12;
				MTL_ENABLE_DEBUG_INFO = YES;
				ONLY_ACTIVE_ARCH = YES;
				SDKROOT = macosx;
			};
			name = Debug;
		};
		745161861EB8294A00B9116A /* Release */ = {
			isa = XCBuildConfiguration;
			buildSettings = {
				ALWAYS_SEARCH_USER_PATHS = NO;
				CLANG_ANALYZER_NONNULL = YES;
				CLANG_ANALYZER_NUMBER_OBJECT_CONVERSION = YES_AGGRESSIVE;
				CLANG_CXX_LANGUAGE_STANDARD = "gnu++0x";
				CLANG_CXX_LIBRARY = "libc++";
				CLANG_ENABLE_MODULES = YES;
				CLANG_ENABLE_OBJC_ARC = YES;
				CLANG_WARN_BOOL_CONVERSION = YES;
				CLANG_WARN_CONSTANT_CONVERSION = YES;
				CLANG_WARN_DIRECT_OBJC_ISA_USAGE = YES_ERROR;
				CLANG_WARN_DOCUMENTATION_COMMENTS = YES;
				CLANG_WARN_EMPTY_BODY = YES;
				CLANG_WARN_ENUM_CONVERSION = YES;
				CLANG_WARN_INFINITE_RECURSION = YES;
				CLANG_WARN_INT_CONVERSION = YES;
				CLANG_WARN_OBJC_ROOT_CLASS = YES_ERROR;
				CLANG_WARN_SUSPICIOUS_MOVE = YES;
				CLANG_WARN_UNREACHABLE_CODE = YES;
				CLANG_WARN__DUPLICATE_METHOD_MATCH = YES;
				CODE_SIGN_IDENTITY = "-";
				COPY_PHASE_STRIP = NO;
				DEBUG_INFORMATION_FORMAT = "dwarf-with-dsym";
				ENABLE_NS_ASSERTIONS = NO;
				ENABLE_STRICT_OBJC_MSGSEND = YES;
				GCC_C_LANGUAGE_STANDARD = gnu99;
				GCC_NO_COMMON_BLOCKS = YES;
				GCC_WARN_64_TO_32_BIT_CONVERSION = YES;
				GCC_WARN_ABOUT_RETURN_TYPE = YES_ERROR;
				GCC_WARN_UNDECLARED_SELECTOR = YES;
				GCC_WARN_UNINITIALIZED_AUTOS = YES_AGGRESSIVE;
				GCC_WARN_UNUSED_FUNCTION = YES;
				GCC_WARN_UNUSED_VARIABLE = YES;
				MACOSX_DEPLOYMENT_TARGET = 10.12;
				MTL_ENABLE_DEBUG_INFO = NO;
				SDKROOT = macosx;
			};
			name = Release;
		};
		745161881EB8294A00B9116A /* Debug */ = {
			isa = XCBuildConfiguration;
			buildSettings = {
				PRODUCT_NAME = "$(TARGET_NAME)";
			};
			name = Debug;
		};
		745161891EB8294A00B9116A /* Release */ = {
			isa = XCBuildConfiguration;
			buildSettings = {
				PRODUCT_NAME = "$(TARGET_NAME)";
			};
			name = Release;
		};
/* End XCBuildConfiguration section */

/* Begin XCConfigurationList section */
		7451617B1EB8294A00B9116A /* Build configuration list for PBXProject "Assignment9-foodtruck" */ = {
			isa = XCConfigurationList;
			buildConfigurations = (
				745161851EB8294A00B9116A /* Debug */,
				745161861EB8294A00B9116A /* Release */,
			);
			defaultConfigurationIsVisible = 0;
			defaultConfigurationName = Release;
		};
		745161871EB8294A00B9116A /* Build configuration list for PBXNativeTarget "Assignment9-foodtruck" */ = {
			isa = XCConfigurationList;
			buildConfigurations = (
				745161881EB8294A00B9116A /* Debug */,
				745161891EB8294A00B9116A /* Release */,
			);
			defaultConfigurationIsVisible = 0;
			defaultConfigurationName = Release;
		};
/* End XCConfigurationList section */
	};
	rootObject = 745161781EB8294A00B9116A /* Project object */;
}
