// !$*UTF8*$!
{
	archiveVersion = 1;
	classes = {
	};
	objectVersion = 46;
	objects = {

/* Begin PBXBuildFile section */
		743565491EB2A08500CA4E18 /* QuestionManager.m in Sources */ = {isa = PBXBuildFile; fileRef = 743565481EB2A08500CA4E18 /* QuestionManager.m */; };
		743565511EB2B20200CA4E18 /* AdditionQuestion.m in Sources */ = {isa = PBXBuildFile; fileRef = 743565501EB2B20200CA4E18 /* AdditionQuestion.m */; };
		743565541EB2B91000CA4E18 /* SubtractionQuestion.m in Sources */ = {isa = PBXBuildFile; fileRef = 743565531EB2B91000CA4E18 /* SubtractionQuestion.m */; };
		743565571EB2B98400CA4E18 /* QuestionFactory.m in Sources */ = {isa = PBXBuildFile; fileRef = 743565561EB2B98400CA4E18 /* QuestionFactory.m */; };
		743C85551EB160570005C41C /* InputHandling.m in Sources */ = {isa = PBXBuildFile; fileRef = 743C85541EB160570005C41C /* InputHandling.m */; };
		74ECABD01EAE9C5700D10C9E /* main.m in Sources */ = {isa = PBXBuildFile; fileRef = 74ECABCF1EAE9C5700D10C9E /* main.m */; };
		74ECABD81EAE9CBF00D10C9E /* Question.m in Sources */ = {isa = PBXBuildFile; fileRef = 74ECABD71EAE9CBF00D10C9E /* Question.m */; };
/* End PBXBuildFile section */

/* Begin PBXCopyFilesBuildPhase section */
		74ECABCA1EAE9C5700D10C9E /* CopyFiles */ = {
			isa = PBXCopyFilesBuildPhase;
			buildActionMask = 2147483647;
			dstPath = /usr/share/man/man1/;
			dstSubfolderSpec = 0;
			files = (
			);
			runOnlyForDeploymentPostprocessing = 1;
		};
/* End PBXCopyFilesBuildPhase section */

/* Begin PBXFileReference section */
		743565471EB2A08500CA4E18 /* QuestionManager.h */ = {isa = PBXFileReference; fileEncoding = 4; lastKnownFileType = sourcecode.c.h; path = QuestionManager.h; sourceTree = "<group>"; };
		743565481EB2A08500CA4E18 /* QuestionManager.m */ = {isa = PBXFileReference; fileEncoding = 4; lastKnownFileType = sourcecode.c.objc; lineEnding = 0; path = QuestionManager.m; sourceTree = "<group>"; xcLanguageSpecificationIdentifier = xcode.lang.objc; };
		7435654F1EB2B20200CA4E18 /* AdditionQuestion.h */ = {isa = PBXFileReference; fileEncoding = 4; lastKnownFileType = sourcecode.c.h; path = AdditionQuestion.h; sourceTree = "<group>"; };
		743565501EB2B20200CA4E18 /* AdditionQuestion.m */ = {isa = PBXFileReference; fileEncoding = 4; lastKnownFileType = sourcecode.c.objc; path = AdditionQuestion.m; sourceTree = "<group>"; };
		743565521EB2B91000CA4E18 /* SubtractionQuestion.h */ = {isa = PBXFileReference; fileEncoding = 4; lastKnownFileType = sourcecode.c.h; path = SubtractionQuestion.h; sourceTree = "<group>"; };
		743565531EB2B91000CA4E18 /* SubtractionQuestion.m */ = {isa = PBXFileReference; fileEncoding = 4; lastKnownFileType = sourcecode.c.objc; path = SubtractionQuestion.m; sourceTree = "<group>"; };
		743565551EB2B98400CA4E18 /* QuestionFactory.h */ = {isa = PBXFileReference; fileEncoding = 4; lastKnownFileType = sourcecode.c.h; path = QuestionFactory.h; sourceTree = "<group>"; };
		743565561EB2B98400CA4E18 /* QuestionFactory.m */ = {isa = PBXFileReference; fileEncoding = 4; lastKnownFileType = sourcecode.c.objc; path = QuestionFactory.m; sourceTree = "<group>"; };
		743C85531EB160570005C41C /* InputHandling.h */ = {isa = PBXFileReference; fileEncoding = 4; lastKnownFileType = sourcecode.c.h; path = InputHandling.h; sourceTree = "<group>"; };
		743C85541EB160570005C41C /* InputHandling.m */ = {isa = PBXFileReference; fileEncoding = 4; lastKnownFileType = sourcecode.c.objc; path = InputHandling.m; sourceTree = "<group>"; };
		74ECABCC1EAE9C5700D10C9E /* Assignement5 */ = {isa = PBXFileReference; explicitFileType = "compiled.mach-o.executable"; includeInIndex = 0; path = Assignement5; sourceTree = BUILT_PRODUCTS_DIR; };
		74ECABCF1EAE9C5700D10C9E /* main.m */ = {isa = PBXFileReference; lastKnownFileType = sourcecode.c.objc; lineEnding = 0; path = main.m; sourceTree = "<group>"; xcLanguageSpecificationIdentifier = xcode.lang.objc; };
		74ECABD61EAE9CBF00D10C9E /* Question.h */ = {isa = PBXFileReference; fileEncoding = 4; lastKnownFileType = sourcecode.c.h; path = Question.h; sourceTree = "<group>"; };
		74ECABD71EAE9CBF00D10C9E /* Question.m */ = {isa = PBXFileReference; fileEncoding = 4; lastKnownFileType = sourcecode.c.objc; lineEnding = 0; path = Question.m; sourceTree = "<group>"; xcLanguageSpecificationIdentifier = xcode.lang.objc; };
/* End PBXFileReference section */

/* Begin PBXFrameworksBuildPhase section */
		74ECABC91EAE9C5700D10C9E /* Frameworks */ = {
			isa = PBXFrameworksBuildPhase;
			buildActionMask = 2147483647;
			files = (
			);
			runOnlyForDeploymentPostprocessing = 0;
		};
/* End PBXFrameworksBuildPhase section */

/* Begin PBXGroup section */
		74ECABC31EAE9C5700D10C9E = {
			isa = PBXGroup;
			children = (
				74ECABCE1EAE9C5700D10C9E /* Assignement5 */,
				74ECABCD1EAE9C5700D10C9E /* Products */,
			);
			sourceTree = "<group>";
		};
		74ECABCD1EAE9C5700D10C9E /* Products */ = {
			isa = PBXGroup;
			children = (
				74ECABCC1EAE9C5700D10C9E /* Assignement5 */,
			);
			name = Products;
			sourceTree = "<group>";
		};
		74ECABCE1EAE9C5700D10C9E /* Assignement5 */ = {
			isa = PBXGroup;
			children = (
				74ECABCF1EAE9C5700D10C9E /* main.m */,
				74ECABD61EAE9CBF00D10C9E /* Question.h */,
				74ECABD71EAE9CBF00D10C9E /* Question.m */,
				743C85531EB160570005C41C /* InputHandling.h */,
				743C85541EB160570005C41C /* InputHandling.m */,
				743565471EB2A08500CA4E18 /* QuestionManager.h */,
				743565481EB2A08500CA4E18 /* QuestionManager.m */,
				7435654F1EB2B20200CA4E18 /* AdditionQuestion.h */,
				743565501EB2B20200CA4E18 /* AdditionQuestion.m */,
				743565521EB2B91000CA4E18 /* SubtractionQuestion.h */,
				743565531EB2B91000CA4E18 /* SubtractionQuestion.m */,
				743565551EB2B98400CA4E18 /* QuestionFactory.h */,
				743565561EB2B98400CA4E18 /* QuestionFactory.m */,
			);
			path = Assignement5;
			sourceTree = "<group>";
		};
/* End PBXGroup section */

/* Begin PBXNativeTarget section */
		74ECABCB1EAE9C5700D10C9E /* Assignement5 */ = {
			isa = PBXNativeTarget;
			buildConfigurationList = 74ECABD31EAE9C5700D10C9E /* Build configuration list for PBXNativeTarget "Assignement5" */;
			buildPhases = (
				74ECABC81EAE9C5700D10C9E /* Sources */,
				74ECABC91EAE9C5700D10C9E /* Frameworks */,
				74ECABCA1EAE9C5700D10C9E /* CopyFiles */,
			);
			buildRules = (
			);
			dependencies = (
			);
			name = Assignement5;
			productName = Assignement5;
			productReference = 74ECABCC1EAE9C5700D10C9E /* Assignement5 */;
			productType = "com.apple.product-type.tool";
		};
/* End PBXNativeTarget section */

/* Begin PBXProject section */
		74ECABC41EAE9C5700D10C9E /* Project object */ = {
			isa = PBXProject;
			attributes = {
				LastUpgradeCheck = 0830;
				ORGANIZATIONNAME = ayako_sayama;
				TargetAttributes = {
					74ECABCB1EAE9C5700D10C9E = {
						CreatedOnToolsVersion = 8.3.2;
						ProvisioningStyle = Automatic;
					};
				};
			};
			buildConfigurationList = 74ECABC71EAE9C5700D10C9E /* Build configuration list for PBXProject "Assignement5" */;
			compatibilityVersion = "Xcode 3.2";
			developmentRegion = English;
			hasScannedForEncodings = 0;
			knownRegions = (
				en,
			);
			mainGroup = 74ECABC31EAE9C5700D10C9E;
			productRefGroup = 74ECABCD1EAE9C5700D10C9E /* Products */;
			projectDirPath = "";
			projectRoot = "";
			targets = (
				74ECABCB1EAE9C5700D10C9E /* Assignement5 */,
			);
		};
/* End PBXProject section */

/* Begin PBXSourcesBuildPhase section */
		74ECABC81EAE9C5700D10C9E /* Sources */ = {
			isa = PBXSourcesBuildPhase;
			buildActionMask = 2147483647;
			files = (
				743C85551EB160570005C41C /* InputHandling.m in Sources */,
				74ECABD01EAE9C5700D10C9E /* main.m in Sources */,
				74ECABD81EAE9CBF00D10C9E /* Question.m in Sources */,
				743565511EB2B20200CA4E18 /* AdditionQuestion.m in Sources */,
				743565541EB2B91000CA4E18 /* SubtractionQuestion.m in Sources */,
				743565571EB2B98400CA4E18 /* QuestionFactory.m in Sources */,
				743565491EB2A08500CA4E18 /* QuestionManager.m in Sources */,
			);
			runOnlyForDeploymentPostprocessing = 0;
		};
/* End PBXSourcesBuildPhase section */

/* Begin XCBuildConfiguration section */
		74ECABD11EAE9C5700D10C9E /* Debug */ = {
			isa = XCBuildConfiguration;
			buildSettings = {
				ALWAYS_SEARCH_USER_PATHS = NO;
				CLANG_ANALYZER_NONNULL = YES;
				CLANG_ANALYZER_NUMBER_OBJECT_CONVERSION = YES_AGGRESSIVE;
				CLANG_CXX_LANGUAGE_STANDARD = "gnu++0x";
				CLANG_CXX_LIBRARY = "libc++";
				CLANG_ENABLE_MODULES = YES;
				CLANG_ENABLE_OBJC_ARC = YES;
				CLANG_WARN_BOOL_CONVERSION = YES;
				CLANG_WARN_CONSTANT_CONVERSION = YES;
				CLANG_WARN_DIRECT_OBJC_ISA_USAGE = YES_ERROR;
				CLANG_WARN_DOCUMENTATION_COMMENTS = YES;
				CLANG_WARN_EMPTY_BODY = YES;
				CLANG_WARN_ENUM_CONVERSION = YES;
				CLANG_WARN_INFINITE_RECURSION = YES;
				CLANG_WARN_INT_CONVERSION = YES;
				CLANG_WARN_OBJC_ROOT_CLASS = YES_ERROR;
				CLANG_WARN_SUSPICIOUS_MOVE = YES;
				CLANG_WARN_UNREACHABLE_CODE = YES;
				CLANG_WARN__DUPLICATE_METHOD_MATCH = YES;
				CODE_SIGN_IDENTITY = "-";
				COPY_PHASE_STRIP = NO;
				DEBUG_INFORMATION_FORMAT = dwarf;
				ENABLE_STRICT_OBJC_MSGSEND = YES;
				ENABLE_TESTABILITY = YES;
				GCC_C_LANGUAGE_STANDARD = gnu99;
				GCC_DYNAMIC_NO_PIC = NO;
				GCC_NO_COMMON_BLOCKS = YES;
				GCC_OPTIMIZATION_LEVEL = 0;
				GCC_PREPROCESSOR_DEFINITIONS = (
					"DEBUG=1",
					"$(inherited)",
				);
				GCC_WARN_64_TO_32_BIT_CONVERSION = YES;
				GCC_WARN_ABOUT_RETURN_TYPE = YES_ERROR;
				GCC_WARN_UNDECLARED_SELECTOR = YES;
				GCC_WARN_UNINITIALIZED_AUTOS = YES_AGGRESSIVE;
				GCC_WARN_UNUSED_FUNCTION = YES;
				GCC_WARN_UNUSED_VARIABLE = YES;
				MACOSX_DEPLOYMENT_TARGET = 10.12;
				MTL_ENABLE_DEBUG_INFO = YES;
				ONLY_ACTIVE_ARCH = YES;
				SDKROOT = macosx;
			};
			name = Debug;
		};
		74ECABD21EAE9C5700D10C9E /* Release */ = {
			isa = XCBuildConfiguration;
			buildSettings = {
				ALWAYS_SEARCH_USER_PATHS = NO;
				CLANG_ANALYZER_NONNULL = YES;
				CLANG_ANALYZER_NUMBER_OBJECT_CONVERSION = YES_AGGRESSIVE;
				CLANG_CXX_LANGUAGE_STANDARD = "gnu++0x";
				CLANG_CXX_LIBRARY = "libc++";
				CLANG_ENABLE_MODULES = YES;
				CLANG_ENABLE_OBJC_ARC = YES;
				CLANG_WARN_BOOL_CONVERSION = YES;
				CLANG_WARN_CONSTANT_CONVERSION = YES;
				CLANG_WARN_DIRECT_OBJC_ISA_USAGE = YES_ERROR;
				CLANG_WARN_DOCUMENTATION_COMMENTS = YES;
				CLANG_WARN_EMPTY_BODY = YES;
				CLANG_WARN_ENUM_CONVERSION = YES;
				CLANG_WARN_INFINITE_RECURSION = YES;
				CLANG_WARN_INT_CONVERSION = YES;
				CLANG_WARN_OBJC_ROOT_CLASS = YES_ERROR;
				CLANG_WARN_SUSPICIOUS_MOVE = YES;
				CLANG_WARN_UNREACHABLE_CODE = YES;
				CLANG_WARN__DUPLICATE_METHOD_MATCH = YES;
				CODE_SIGN_IDENTITY = "-";
				COPY_PHASE_STRIP = NO;
				DEBUG_INFORMATION_FORMAT = "dwarf-with-dsym";
				ENABLE_NS_ASSERTIONS = NO;
				ENABLE_STRICT_OBJC_MSGSEND = YES;
				GCC_C_LANGUAGE_STANDARD = gnu99;
				GCC_NO_COMMON_BLOCKS = YES;
				GCC_WARN_64_TO_32_BIT_CONVERSION = YES;
				GCC_WARN_ABOUT_RETURN_TYPE = YES_ERROR;
				GCC_WARN_UNDECLARED_SELECTOR = YES;
				GCC_WARN_UNINITIALIZED_AUTOS = YES_AGGRESSIVE;
				GCC_WARN_UNUSED_FUNCTION = YES;
				GCC_WARN_UNUSED_VARIABLE = YES;
				MACOSX_DEPLOYMENT_TARGET = 10.12;
				MTL_ENABLE_DEBUG_INFO = NO;
				SDKROOT = macosx;
			};
			name = Release;
		};
		74ECABD41EAE9C5700D10C9E /* Debug */ = {
			isa = XCBuildConfiguration;
			buildSettings = {
				PRODUCT_NAME = "$(TARGET_NAME)";
			};
			name = Debug;
		};
		74ECABD51EAE9C5700D10C9E /* Release */ = {
			isa = XCBuildConfiguration;
			buildSettings = {
				PRODUCT_NAME = "$(TARGET_NAME)";
			};
			name = Release;
		};
/* End XCBuildConfiguration section */

/* Begin XCConfigurationList section */
		74ECABC71EAE9C5700D10C9E /* Build configuration list for PBXProject "Assignement5" */ = {
			isa = XCConfigurationList;
			buildConfigurations = (
				74ECABD11EAE9C5700D10C9E /* Debug */,
				74ECABD21EAE9C5700D10C9E /* Release */,
			);
			defaultConfigurationIsVisible = 0;
			defaultConfigurationName = Release;
		};
		74ECABD31EAE9C5700D10C9E /* Build configuration list for PBXNativeTarget "Assignement5" */ = {
			isa = XCConfigurationList;
			buildConfigurations = (
				74ECABD41EAE9C5700D10C9E /* Debug */,
				74ECABD51EAE9C5700D10C9E /* Release */,
			);
			defaultConfigurationIsVisible = 0;
			defaultConfigurationName = Release;
		};
/* End XCConfigurationList section */
	};
	rootObject = 74ECABC41EAE9C5700D10C9E /* Project object */;
}
